
Microsoft Visual Studio Solution File, Format Version 12.00
# Visual Studio Version 17
VisualStudioVersion = 17.4.33213.308
MinimumVisualStudioVersion = 10.0.40219.1
Project("{8BC9CEB8-8B4A-11D0-8D11-00A0C91BC942}") = "DataConteiners", "DataConteiners\DataConteiners.vcxproj", "{FFF3FB51-114C-4E20-ABC9-1F984B1D7525}"
EndProject
Project("{8BC9CEB8-8B4A-11D0-8D11-00A0C91BC942}") = "ForwardList", "ForwardList\ForwardList.vcxproj", "{1730512C-5B31-4137-BC07-0E7567B0FAA9}"
EndProject
Project("{8BC9CEB8-8B4A-11D0-8D11-00A0C91BC942}") = "List2", "List2\List2.vcxproj", "{E898DFA6-D742-4CB3-BDA8-A0CE4CD3A69A}"
EndProject
Project("{8BC9CEB8-8B4A-11D0-8D11-00A0C91BC942}") = "BinaryTree", "BinaryTree\BinaryTree.vcxproj", "{68C6399F-4D65-4ECA-95CD-621ACE2B0789}"
EndProject
Global
	GlobalSection(SolutionConfigurationPlatforms) = preSolution
		Debug|x64 = Debug|x64
		Debug|x86 = Debug|x86
		Release|x64 = Release|x64
		Release|x86 = Release|x86
	EndGlobalSection
	GlobalSection(ProjectConfigurationPlatforms) = postSolution
		{FFF3FB51-114C-4E20-ABC9-1F984B1D7525}.Debug|x64.ActiveCfg = Debug|x64
		{FFF3FB51-114C-4E20-ABC9-1F984B1D7525}.Debug|x64.Build.0 = Debug|x64
		{FFF3FB51-114C-4E20-ABC9-1F984B1D7525}.Debug|x86.ActiveCfg = Debug|Win32
		{FFF3FB51-114C-4E20-ABC9-1F984B1D7525}.Debug|x86.Build.0 = Debug|Win32
		{FFF3FB51-114C-4E20-ABC9-1F984B1D7525}.Release|x64.ActiveCfg = Release|x64
		{FFF3FB51-114C-4E20-ABC9-1F984B1D7525}.Release|x64.Build.0 = Release|x64
		{FFF3FB51-114C-4E20-ABC9-1F984B1D7525}.Release|x86.ActiveCfg = Release|Win32
		{FFF3FB51-114C-4E20-ABC9-1F984B1D7525}.Release|x86.Build.0 = Release|Win32
		{1730512C-5B31-4137-BC07-0E7567B0FAA9}.Debug|x64.ActiveCfg = Debug|x64
		{1730512C-5B31-4137-BC07-0E7567B0FAA9}.Debug|x64.Build.0 = Debug|x64
		{1730512C-5B31-4137-BC07-0E7567B0FAA9}.Debug|x86.ActiveCfg = Debug|Win32
		{1730512C-5B31-4137-BC07-0E7567B0FAA9}.Debug|x86.Build.0 = Debug|Win32
		{1730512C-5B31-4137-BC07-0E7567B0FAA9}.Release|x64.ActiveCfg = Release|x64
		{1730512C-5B31-4137-BC07-0E7567B0FAA9}.Release|x64.Build.0 = Release|x64
		{1730512C-5B31-4137-BC07-0E7567B0FAA9}.Release|x86.ActiveCfg = Release|Win32
		{1730512C-5B31-4137-BC07-0E7567B0FAA9}.Release|x86.Build.0 = Release|Win32
		{E898DFA6-D742-4CB3-BDA8-A0CE4CD3A69A}.Debug|x64.ActiveCfg = Debug|x64
		{E898DFA6-D742-4CB3-BDA8-A0CE4CD3A69A}.Debug|x64.Build.0 = Debug|x64
		{E898DFA6-D742-4CB3-BDA8-A0CE4CD3A69A}.Debug|x86.ActiveCfg = Debug|Win32
		{E898DFA6-D742-4CB3-BDA8-A0CE4CD3A69A}.Debug|x86.Build.0 = Debug|Win32
		{E898DFA6-D742-4CB3-BDA8-A0CE4CD3A69A}.Release|x64.ActiveCfg = Release|x64
		{E898DFA6-D742-4CB3-BDA8-A0CE4CD3A69A}.Release|x64.Build.0 = Release|x64
		{E898DFA6-D742-4CB3-BDA8-A0CE4CD3A69A}.Release|x86.ActiveCfg = Release|Win32
		{E898DFA6-D742-4CB3-BDA8-A0CE4CD3A69A}.Release|x86.Build.0 = Release|Win32
		{68C6399F-4D65-4ECA-95CD-621ACE2B0789}.Debug|x64.ActiveCfg = Debug|x64
		{68C6399F-4D65-4ECA-95CD-621ACE2B0789}.Debug|x64.Build.0 = Debug|x64
		{68C6399F-4D65-4ECA-95CD-621ACE2B0789}.Debug|x86.ActiveCfg = Debug|Win32
		{68C6399F-4D65-4ECA-95CD-621ACE2B0789}.Debug|x86.Build.0 = Debug|Win32
		{68C6399F-4D65-4ECA-95CD-621ACE2B0789}.Release|x64.ActiveCfg = Release|x64
		{68C6399F-4D65-4ECA-95CD-621ACE2B0789}.Release|x64.Build.0 = Release|x64
		{68C6399F-4D65-4ECA-95CD-621ACE2B0789}.Release|x86.ActiveCfg = Release|Win32
		{68C6399F-4D65-4ECA-95CD-621ACE2B0789}.Release|x86.Build.0 = Release|Win32
	EndGlobalSection
	GlobalSection(SolutionProperties) = preSolution
		HideSolutionNode = FALSE
	EndGlobalSection
	GlobalSection(ExtensibilityGlobals) = postSolution
		SolutionGuid = {9E7F3070-2130-4B68-8F89-3B8F7A6A0418}
	EndGlobalSection
EndGlobal
